// !$*UTF8*$!
{
	archiveVersion = 1;
	classes = {
	};
	objectVersion = 48;
	objects = {

/* Begin PBXBuildFile section */
		1AAD33F1E5A728CDBD67735B /* Pods_FMusicOfflineTests.framework in Frameworks */ = {isa = PBXBuildFile; fileRef = 12591C231B52780909E695A8 /* Pods_FMusicOfflineTests.framework */; };
		EA5FA54C6C0A55CD48C5588F /* Pods_FMusicOffline.framework in Frameworks */ = {isa = PBXBuildFile; fileRef = D393D07585E145415B68D094 /* Pods_FMusicOffline.framework */; };
		EF2865631FFDCFEC0073EE6B /* iCarousel.m in Sources */ = {isa = PBXBuildFile; fileRef = EF2865621FFDCFEC0073EE6B /* iCarousel.m */; };
		EF2865681FFDD7300073EE6B /* music.png in Resources */ = {isa = PBXBuildFile; fileRef = EF2865671FFDD7300073EE6B /* music.png */; };
		EF2865751FFE113C0073EE6B /* ic_play.png in Resources */ = {isa = PBXBuildFile; fileRef = EF2865691FFE11360073EE6B /* ic_play.png */; };
		EF2865761FFE113C0073EE6B /* ic_previous.png in Resources */ = {isa = PBXBuildFile; fileRef = EF28656A1FFE11380073EE6B /* ic_previous.png */; };
		EF2865771FFE113C0073EE6B /* ic_music.png in Resources */ = {isa = PBXBuildFile; fileRef = EF28656B1FFE11380073EE6B /* ic_music.png */; };
		EF2865781FFE113C0073EE6B /* background.png in Resources */ = {isa = PBXBuildFile; fileRef = EF28656C1FFE11390073EE6B /* background.png */; };
		EF2865791FFE113C0073EE6B /* ic_back.png in Resources */ = {isa = PBXBuildFile; fileRef = EF28656D1FFE113A0073EE6B /* ic_back.png */; };
		EF28657A1FFE113C0073EE6B /* ic_random_yellow.png in Resources */ = {isa = PBXBuildFile; fileRef = EF28656E1FFE113A0073EE6B /* ic_random_yellow.png */; };
		EF28657B1FFE113C0073EE6B /* ic_next.png in Resources */ = {isa = PBXBuildFile; fileRef = EF28656F1FFE113B0073EE6B /* ic_next.png */; };
		EF28657C1FFE113C0073EE6B /* ic_random.png in Resources */ = {isa = PBXBuildFile; fileRef = EF2865701FFE113B0073EE6B /* ic_random.png */; };
		EF28657D1FFE113C0073EE6B /* ic_heart.png in Resources */ = {isa = PBXBuildFile; fileRef = EF2865711FFE113B0073EE6B /* ic_heart.png */; };
		EF28657E1FFE113C0073EE6B /* ic_repeat.png in Resources */ = {isa = PBXBuildFile; fileRef = EF2865721FFE113C0073EE6B /* ic_repeat.png */; };
		EF28657F1FFE113C0073EE6B /* ic_pause.png in Resources */ = {isa = PBXBuildFile; fileRef = EF2865731FFE113C0073EE6B /* ic_pause.png */; };
		EF2865801FFE113C0073EE6B /* ic_playing.png in Resources */ = {isa = PBXBuildFile; fileRef = EF2865741FFE113C0073EE6B /* ic_playing.png */; };
		EF36671620031AE200574BB7 /* SongTableViewCell.swift in Sources */ = {isa = PBXBuildFile; fileRef = EF36671520031AE200574BB7 /* SongTableViewCell.swift */; };
		EF36671B20031D5000574BB7 /* Song.swift in Sources */ = {isa = PBXBuildFile; fileRef = EF36671A20031D5000574BB7 /* Song.swift */; };
		EF36671D2003203900574BB7 /* SongViewModel.swift in Sources */ = {isa = PBXBuildFile; fileRef = EF36671C2003203900574BB7 /* SongViewModel.swift */; };
		EF617437200314E70022CEC5 /* SongViewController.swift in Sources */ = {isa = PBXBuildFile; fileRef = EF617436200314E70022CEC5 /* SongViewController.swift */; };
		EFA876E81FFF1C920087FD53 /* song.png in Resources */ = {isa = PBXBuildFile; fileRef = EFA876E71FFF1C920087FD53 /* song.png */; };
		EFF254211FFC7B77009D7E43 /* AppDelegate.swift in Sources */ = {isa = PBXBuildFile; fileRef = EFF254201FFC7B77009D7E43 /* AppDelegate.swift */; };
		EFF254231FFC7B77009D7E43 /* PlayViewController.swift in Sources */ = {isa = PBXBuildFile; fileRef = EFF254221FFC7B77009D7E43 /* PlayViewController.swift */; };
		EFF254261FFC7B77009D7E43 /* Main.storyboard in Resources */ = {isa = PBXBuildFile; fileRef = EFF254241FFC7B77009D7E43 /* Main.storyboard */; };
		EFF254281FFC7B77009D7E43 /* Assets.xcassets in Resources */ = {isa = PBXBuildFile; fileRef = EFF254271FFC7B77009D7E43 /* Assets.xcassets */; };
		EFF2542B1FFC7B77009D7E43 /* LaunchScreen.storyboard in Resources */ = {isa = PBXBuildFile; fileRef = EFF254291FFC7B77009D7E43 /* LaunchScreen.storyboard */; };
		EFF254361FFC7B77009D7E43 /* FMusicOfflineTests.swift in Sources */ = {isa = PBXBuildFile; fileRef = EFF254351FFC7B77009D7E43 /* FMusicOfflineTests.swift */; };
/* End PBXBuildFile section */

/* Begin PBXContainerItemProxy section */
		EFF254321FFC7B77009D7E43 /* PBXContainerItemProxy */ = {
			isa = PBXContainerItemProxy;
			containerPortal = EFF254151FFC7B77009D7E43 /* Project object */;
			proxyType = 1;
			remoteGlobalIDString = EFF2541C1FFC7B77009D7E43;
			remoteInfo = FMusicOffline;
		};
/* End PBXContainerItemProxy section */

/* Begin PBXFileReference section */
		0C56E34CA753EA2B89CD69A7 /* Pods-FMusicOffline.release.xcconfig */ = {isa = PBXFileReference; includeInIndex = 1; lastKnownFileType = text.xcconfig; name = "Pods-FMusicOffline.release.xcconfig"; path = "Pods/Target Support Files/Pods-FMusicOffline/Pods-FMusicOffline.release.xcconfig"; sourceTree = "<group>"; };
		12591C231B52780909E695A8 /* Pods_FMusicOfflineTests.framework */ = {isa = PBXFileReference; explicitFileType = wrapper.framework; includeInIndex = 0; path = Pods_FMusicOfflineTests.framework; sourceTree = BUILT_PRODUCTS_DIR; };
		4D1A07DFDE6364562651D531 /* Pods-FMusicOfflineTests.release.xcconfig */ = {isa = PBXFileReference; includeInIndex = 1; lastKnownFileType = text.xcconfig; name = "Pods-FMusicOfflineTests.release.xcconfig"; path = "Pods/Target Support Files/Pods-FMusicOfflineTests/Pods-FMusicOfflineTests.release.xcconfig"; sourceTree = "<group>"; };
		78BAB841250ED97921FADE08 /* Pods-FMusicOffline.debug.xcconfig */ = {isa = PBXFileReference; includeInIndex = 1; lastKnownFileType = text.xcconfig; name = "Pods-FMusicOffline.debug.xcconfig"; path = "Pods/Target Support Files/Pods-FMusicOffline/Pods-FMusicOffline.debug.xcconfig"; sourceTree = "<group>"; };
		C64E9E2A4D1FF00BE1D51FE9 /* Pods-FMusicOfflineTests.debug.xcconfig */ = {isa = PBXFileReference; includeInIndex = 1; lastKnownFileType = text.xcconfig; name = "Pods-FMusicOfflineTests.debug.xcconfig"; path = "Pods/Target Support Files/Pods-FMusicOfflineTests/Pods-FMusicOfflineTests.debug.xcconfig"; sourceTree = "<group>"; };
		D393D07585E145415B68D094 /* Pods_FMusicOffline.framework */ = {isa = PBXFileReference; explicitFileType = wrapper.framework; includeInIndex = 0; path = Pods_FMusicOffline.framework; sourceTree = BUILT_PRODUCTS_DIR; };
		EF2865601FFDCFEB0073EE6B /* FMusicOffline-Bridging-Header.h */ = {isa = PBXFileReference; lastKnownFileType = sourcecode.c.h; path = "FMusicOffline-Bridging-Header.h"; sourceTree = "<group>"; };
		EF2865611FFDCFEB0073EE6B /* iCarousel.h */ = {isa = PBXFileReference; fileEncoding = 4; lastKnownFileType = sourcecode.c.h; path = iCarousel.h; sourceTree = "<group>"; };
		EF2865621FFDCFEC0073EE6B /* iCarousel.m */ = {isa = PBXFileReference; fileEncoding = 4; lastKnownFileType = sourcecode.c.objc; path = iCarousel.m; sourceTree = "<group>"; };
		EF2865671FFDD7300073EE6B /* music.png */ = {isa = PBXFileReference; lastKnownFileType = image.png; path = music.png; sourceTree = "<group>"; };
		EF2865691FFE11360073EE6B /* ic_play.png */ = {isa = PBXFileReference; lastKnownFileType = image.png; path = ic_play.png; sourceTree = "<group>"; };
		EF28656A1FFE11380073EE6B /* ic_previous.png */ = {isa = PBXFileReference; lastKnownFileType = image.png; path = ic_previous.png; sourceTree = "<group>"; };
		EF28656B1FFE11380073EE6B /* ic_music.png */ = {isa = PBXFileReference; lastKnownFileType = image.png; path = ic_music.png; sourceTree = "<group>"; };
		EF28656C1FFE11390073EE6B /* background.png */ = {isa = PBXFileReference; lastKnownFileType = image.png; path = background.png; sourceTree = "<group>"; };
		EF28656D1FFE113A0073EE6B /* ic_back.png */ = {isa = PBXFileReference; lastKnownFileType = image.png; path = ic_back.png; sourceTree = "<group>"; };
		EF28656E1FFE113A0073EE6B /* ic_random_yellow.png */ = {isa = PBXFileReference; lastKnownFileType = image.png; path = ic_random_yellow.png; sourceTree = "<group>"; };
		EF28656F1FFE113B0073EE6B /* ic_next.png */ = {isa = PBXFileReference; lastKnownFileType = image.png; path = ic_next.png; sourceTree = "<group>"; };
		EF2865701FFE113B0073EE6B /* ic_random.png */ = {isa = PBXFileReference; lastKnownFileType = image.png; path = ic_random.png; sourceTree = "<group>"; };
		EF2865711FFE113B0073EE6B /* ic_heart.png */ = {isa = PBXFileReference; lastKnownFileType = image.png; path = ic_heart.png; sourceTree = "<group>"; };
		EF2865721FFE113C0073EE6B /* ic_repeat.png */ = {isa = PBXFileReference; lastKnownFileType = image.png; path = ic_repeat.png; sourceTree = "<group>"; };
		EF2865731FFE113C0073EE6B /* ic_pause.png */ = {isa = PBXFileReference; lastKnownFileType = image.png; path = ic_pause.png; sourceTree = "<group>"; };
		EF2865741FFE113C0073EE6B /* ic_playing.png */ = {isa = PBXFileReference; lastKnownFileType = image.png; path = ic_playing.png; sourceTree = "<group>"; };
		EF36671520031AE200574BB7 /* SongTableViewCell.swift */ = {isa = PBXFileReference; lastKnownFileType = sourcecode.swift; path = SongTableViewCell.swift; sourceTree = "<group>"; };
		EF36671A20031D5000574BB7 /* Song.swift */ = {isa = PBXFileReference; lastKnownFileType = sourcecode.swift; path = Song.swift; sourceTree = "<group>"; };
		EF36671C2003203900574BB7 /* SongViewModel.swift */ = {isa = PBXFileReference; lastKnownFileType = sourcecode.swift; path = SongViewModel.swift; sourceTree = "<group>"; };
		EF617436200314E70022CEC5 /* SongViewController.swift */ = {isa = PBXFileReference; lastKnownFileType = sourcecode.swift; path = SongViewController.swift; sourceTree = "<group>"; };
		EFA876E71FFF1C920087FD53 /* song.png */ = {isa = PBXFileReference; lastKnownFileType = image.png; path = song.png; sourceTree = "<group>"; };
		EFF2541D1FFC7B77009D7E43 /* FMusicOffline.app */ = {isa = PBXFileReference; explicitFileType = wrapper.application; includeInIndex = 0; path = FMusicOffline.app; sourceTree = BUILT_PRODUCTS_DIR; };
		EFF254201FFC7B77009D7E43 /* AppDelegate.swift */ = {isa = PBXFileReference; lastKnownFileType = sourcecode.swift; path = AppDelegate.swift; sourceTree = "<group>"; };
		EFF254221FFC7B77009D7E43 /* PlayViewController.swift */ = {isa = PBXFileReference; lastKnownFileType = sourcecode.swift; path = PlayViewController.swift; sourceTree = "<group>"; };
		EFF254251FFC7B77009D7E43 /* Base */ = {isa = PBXFileReference; lastKnownFileType = file.storyboard; name = Base; path = Base.lproj/Main.storyboard; sourceTree = "<group>"; };
		EFF254271FFC7B77009D7E43 /* Assets.xcassets */ = {isa = PBXFileReference; lastKnownFileType = folder.assetcatalog; path = Assets.xcassets; sourceTree = "<group>"; };
		EFF2542A1FFC7B77009D7E43 /* Base */ = {isa = PBXFileReference; lastKnownFileType = file.storyboard; name = Base; path = Base.lproj/LaunchScreen.storyboard; sourceTree = "<group>"; };
		EFF2542C1FFC7B77009D7E43 /* Info.plist */ = {isa = PBXFileReference; lastKnownFileType = text.plist.xml; path = Info.plist; sourceTree = "<group>"; };
		EFF254311FFC7B77009D7E43 /* FMusicOfflineTests.xctest */ = {isa = PBXFileReference; explicitFileType = wrapper.cfbundle; includeInIndex = 0; path = FMusicOfflineTests.xctest; sourceTree = BUILT_PRODUCTS_DIR; };
		EFF254351FFC7B77009D7E43 /* FMusicOfflineTests.swift */ = {isa = PBXFileReference; lastKnownFileType = sourcecode.swift; path = FMusicOfflineTests.swift; sourceTree = "<group>"; };
		EFF254371FFC7B77009D7E43 /* Info.plist */ = {isa = PBXFileReference; lastKnownFileType = text.plist.xml; path = Info.plist; sourceTree = "<group>"; };
/* End PBXFileReference section */

/* Begin PBXFrameworksBuildPhase section */
		EFF2541A1FFC7B77009D7E43 /* Frameworks */ = {
			isa = PBXFrameworksBuildPhase;
			buildActionMask = 2147483647;
			files = (
				EA5FA54C6C0A55CD48C5588F /* Pods_FMusicOffline.framework in Frameworks */,
			);
			runOnlyForDeploymentPostprocessing = 0;
		};
		EFF2542E1FFC7B77009D7E43 /* Frameworks */ = {
			isa = PBXFrameworksBuildPhase;
			buildActionMask = 2147483647;
			files = (
				1AAD33F1E5A728CDBD67735B /* Pods_FMusicOfflineTests.framework in Frameworks */,
			);
			runOnlyForDeploymentPostprocessing = 0;
		};
/* End PBXFrameworksBuildPhase section */

/* Begin PBXGroup section */
		B5C74378C380CC5C6395C110 /* Frameworks */ = {
			isa = PBXGroup;
			children = (
				D393D07585E145415B68D094 /* Pods_FMusicOffline.framework */,
				12591C231B52780909E695A8 /* Pods_FMusicOfflineTests.framework */,
			);
			name = Frameworks;
			sourceTree = "<group>";
		};
		DFF4AEB8B0BA4FB7A076069E /* Pods */ = {
			isa = PBXGroup;
			children = (
				78BAB841250ED97921FADE08 /* Pods-FMusicOffline.debug.xcconfig */,
				0C56E34CA753EA2B89CD69A7 /* Pods-FMusicOffline.release.xcconfig */,
				C64E9E2A4D1FF00BE1D51FE9 /* Pods-FMusicOfflineTests.debug.xcconfig */,
				4D1A07DFDE6364562651D531 /* Pods-FMusicOfflineTests.release.xcconfig */,
			);
			name = Pods;
			sourceTree = "<group>";
		};
		EF2865641FFDD58C0073EE6B /* resources */ = {
			isa = PBXGroup;
			children = (
				EFA876E71FFF1C920087FD53 /* song.png */,
				EF28656C1FFE11390073EE6B /* background.png */,
				EF28656D1FFE113A0073EE6B /* ic_back.png */,
				EF2865711FFE113B0073EE6B /* ic_heart.png */,
				EF28656E1FFE113A0073EE6B /* ic_random_yellow.png */,
				EF28656B1FFE11380073EE6B /* ic_music.png */,
				EF28656F1FFE113B0073EE6B /* ic_next.png */,
				EF2865731FFE113C0073EE6B /* ic_pause.png */,
				EF2865691FFE11360073EE6B /* ic_play.png */,
				EF2865741FFE113C0073EE6B /* ic_playing.png */,
				EF28656A1FFE11380073EE6B /* ic_previous.png */,
				EF2865701FFE113B0073EE6B /* ic_random.png */,
				EF2865721FFE113C0073EE6B /* ic_repeat.png */,
				EF2865671FFDD7300073EE6B /* music.png */,
			);
			path = resources;
			sourceTree = "<group>";
		};
		EF36671720031CD500574BB7 /* model */ = {
			isa = PBXGroup;
			children = (
				EF36671A20031D5000574BB7 /* Song.swift */,
			);
			path = model;
			sourceTree = "<group>";
		};
		EFA876E91FFF31510087FD53 /* viewmodel */ = {
			isa = PBXGroup;
			children = (
				EF36671C2003203900574BB7 /* SongViewModel.swift */,
			);
			path = viewmodel;
			sourceTree = "<group>";
		};
		EFD1E9B32002FE310093A9BB /* view */ = {
			isa = PBXGroup;
			children = (
				EFF254221FFC7B77009D7E43 /* PlayViewController.swift */,
				EF617436200314E70022CEC5 /* SongViewController.swift */,
				EF36671520031AE200574BB7 /* SongTableViewCell.swift */,
			);
			path = view;
			sourceTree = "<group>";
		};
		EFD1E9B42002FE6E0093A9BB /* interface */ = {
			isa = PBXGroup;
			children = (
				EFF254241FFC7B77009D7E43 /* Main.storyboard */,
			);
			path = interface;
			sourceTree = "<group>";
		};
		EFF254141FFC7B77009D7E43 = {
			isa = PBXGroup;
			children = (
				EFF2541F1FFC7B77009D7E43 /* FMusicOffline */,
				EFF254341FFC7B77009D7E43 /* FMusicOfflineTests */,
				EFF2541E1FFC7B77009D7E43 /* Products */,
				EF2865611FFDCFEB0073EE6B /* iCarousel.h */,
				EF2865621FFDCFEC0073EE6B /* iCarousel.m */,
				EF2865601FFDCFEB0073EE6B /* FMusicOffline-Bridging-Header.h */,
				DFF4AEB8B0BA4FB7A076069E /* Pods */,
				B5C74378C380CC5C6395C110 /* Frameworks */,
			);
			sourceTree = "<group>";
		};
		EFF2541E1FFC7B77009D7E43 /* Products */ = {
			isa = PBXGroup;
			children = (
				EFF2541D1FFC7B77009D7E43 /* FMusicOffline.app */,
				EFF254311FFC7B77009D7E43 /* FMusicOfflineTests.xctest */,
			);
			name = Products;
			sourceTree = "<group>";
		};
		EFF2541F1FFC7B77009D7E43 /* FMusicOffline */ = {
			isa = PBXGroup;
			children = (
				EF36671720031CD500574BB7 /* model */,
				EFD1E9B42002FE6E0093A9BB /* interface */,
				EFD1E9B32002FE310093A9BB /* view */,
				EFA876E91FFF31510087FD53 /* viewmodel */,
				EF2865641FFDD58C0073EE6B /* resources */,
				EFF254201FFC7B77009D7E43 /* AppDelegate.swift */,
				EFF254271FFC7B77009D7E43 /* Assets.xcassets */,
				EFF254291FFC7B77009D7E43 /* LaunchScreen.storyboard */,
				EFF2542C1FFC7B77009D7E43 /* Info.plist */,
			);
			path = FMusicOffline;
			sourceTree = "<group>";
		};
		EFF254341FFC7B77009D7E43 /* FMusicOfflineTests */ = {
			isa = PBXGroup;
			children = (
				EFF254351FFC7B77009D7E43 /* FMusicOfflineTests.swift */,
				EFF254371FFC7B77009D7E43 /* Info.plist */,
			);
			path = FMusicOfflineTests;
			sourceTree = "<group>";
		};
/* End PBXGroup section */

/* Begin PBXNativeTarget section */
		EFF2541C1FFC7B77009D7E43 /* FMusicOffline */ = {
			isa = PBXNativeTarget;
			buildConfigurationList = EFF2543A1FFC7B77009D7E43 /* Build configuration list for PBXNativeTarget "FMusicOffline" */;
			buildPhases = (
				CF7082DF636738DBAD5E9628 /* [CP] Check Pods Manifest.lock */,
				EFF254191FFC7B77009D7E43 /* Sources */,
				EFF2541A1FFC7B77009D7E43 /* Frameworks */,
				EFF2541B1FFC7B77009D7E43 /* Resources */,
				F244CDD82CC53209DDF24BC0 /* [CP] Embed Pods Frameworks */,
				4EAD09E05C5A031FFC465A68 /* [CP] Copy Pods Resources */,
			);
			buildRules = (
			);
			dependencies = (
			);
			name = FMusicOffline;
			productName = FMusicOffline;
			productReference = EFF2541D1FFC7B77009D7E43 /* FMusicOffline.app */;
			productType = "com.apple.product-type.application";
		};
		EFF254301FFC7B77009D7E43 /* FMusicOfflineTests */ = {
			isa = PBXNativeTarget;
			buildConfigurationList = EFF2543D1FFC7B77009D7E43 /* Build configuration list for PBXNativeTarget "FMusicOfflineTests" */;
			buildPhases = (
				99E7623B18509F6CE5C64487 /* [CP] Check Pods Manifest.lock */,
				EFF2542D1FFC7B77009D7E43 /* Sources */,
				EFF2542E1FFC7B77009D7E43 /* Frameworks */,
				EFF2542F1FFC7B77009D7E43 /* Resources */,
				E7BEA7E687C782AC9BA83DE6 /* [CP] Embed Pods Frameworks */,
				CB3A9FAEA23F3BCA89F3FEC9 /* [CP] Copy Pods Resources */,
			);
			buildRules = (
			);
			dependencies = (
				EFF254331FFC7B77009D7E43 /* PBXTargetDependency */,
			);
			name = FMusicOfflineTests;
			productName = FMusicOfflineTests;
			productReference = EFF254311FFC7B77009D7E43 /* FMusicOfflineTests.xctest */;
			productType = "com.apple.product-type.bundle.unit-test";
		};
/* End PBXNativeTarget section */

/* Begin PBXProject section */
		EFF254151FFC7B77009D7E43 /* Project object */ = {
			isa = PBXProject;
			attributes = {
				LastSwiftUpdateCheck = 0910;
				LastUpgradeCheck = 0910;
				ORGANIZATIONNAME = com.framgia;
				TargetAttributes = {
					EFF2541C1FFC7B77009D7E43 = {
						CreatedOnToolsVersion = 9.1;
						LastSwiftMigration = 0910;
						ProvisioningStyle = Automatic;
					};
					EFF254301FFC7B77009D7E43 = {
						CreatedOnToolsVersion = 9.1;
						ProvisioningStyle = Automatic;
						TestTargetID = EFF2541C1FFC7B77009D7E43;
					};
				};
			};
			buildConfigurationList = EFF254181FFC7B77009D7E43 /* Build configuration list for PBXProject "FMusicOffline" */;
			compatibilityVersion = "Xcode 8.0";
			developmentRegion = en;
			hasScannedForEncodings = 0;
			knownRegions = (
				en,
				Base,
			);
			mainGroup = EFF254141FFC7B77009D7E43;
			productRefGroup = EFF2541E1FFC7B77009D7E43 /* Products */;
			projectDirPath = "";
			projectRoot = "";
			targets = (
				EFF2541C1FFC7B77009D7E43 /* FMusicOffline */,
				EFF254301FFC7B77009D7E43 /* FMusicOfflineTests */,
			);
		};
/* End PBXProject section */

/* Begin PBXResourcesBuildPhase section */
		EFF2541B1FFC7B77009D7E43 /* Resources */ = {
			isa = PBXResourcesBuildPhase;
			buildActionMask = 2147483647;
			files = (
				EF2865801FFE113C0073EE6B /* ic_playing.png in Resources */,
				EF28657D1FFE113C0073EE6B /* ic_heart.png in Resources */,
				EF2865761FFE113C0073EE6B /* ic_previous.png in Resources */,
				EF2865781FFE113C0073EE6B /* background.png in Resources */,
				EFF2542B1FFC7B77009D7E43 /* LaunchScreen.storyboard in Resources */,
				EF28657A1FFE113C0073EE6B /* ic_random_yellow.png in Resources */,
				EF28657F1FFE113C0073EE6B /* ic_pause.png in Resources */,
				EF2865791FFE113C0073EE6B /* ic_back.png in Resources */,
				EF28657B1FFE113C0073EE6B /* ic_next.png in Resources */,
				EF2865681FFDD7300073EE6B /* music.png in Resources */,
				EF28657E1FFE113C0073EE6B /* ic_repeat.png in Resources */,
				EFF254281FFC7B77009D7E43 /* Assets.xcassets in Resources */,
				EFA876E81FFF1C920087FD53 /* song.png in Resources */,
				EF28657C1FFE113C0073EE6B /* ic_random.png in Resources */,
				EF2865771FFE113C0073EE6B /* ic_music.png in Resources */,
				EFF254261FFC7B77009D7E43 /* Main.storyboard in Resources */,
				EF2865751FFE113C0073EE6B /* ic_play.png in Resources */,
			);
			runOnlyForDeploymentPostprocessing = 0;
		};
		EFF2542F1FFC7B77009D7E43 /* Resources */ = {
			isa = PBXResourcesBuildPhase;
			buildActionMask = 2147483647;
			files = (
			);
			runOnlyForDeploymentPostprocessing = 0;
		};
/* End PBXResourcesBuildPhase section */

/* Begin PBXShellScriptBuildPhase section */
		4EAD09E05C5A031FFC465A68 /* [CP] Copy Pods Resources */ = {
			isa = PBXShellScriptBuildPhase;
			buildActionMask = 2147483647;
			files = (
			);
			inputPaths = (
			);
			name = "[CP] Copy Pods Resources";
			outputPaths = (
			);
			runOnlyForDeploymentPostprocessing = 0;
			shellPath = /bin/sh;
			shellScript = "\"${SRCROOT}/Pods/Target Support Files/Pods-FMusicOffline/Pods-FMusicOffline-resources.sh\"\n";
			showEnvVarsInLog = 0;
		};
		99E7623B18509F6CE5C64487 /* [CP] Check Pods Manifest.lock */ = {
			isa = PBXShellScriptBuildPhase;
			buildActionMask = 2147483647;
			files = (
			);
			inputPaths = (
				"${PODS_PODFILE_DIR_PATH}/Podfile.lock",
				"${PODS_ROOT}/Manifest.lock",
			);
			name = "[CP] Check Pods Manifest.lock";
			outputPaths = (
				"$(DERIVED_FILE_DIR)/Pods-FMusicOfflineTests-checkManifestLockResult.txt",
			);
			runOnlyForDeploymentPostprocessing = 0;
			shellPath = /bin/sh;
			shellScript = "diff \"${PODS_PODFILE_DIR_PATH}/Podfile.lock\" \"${PODS_ROOT}/Manifest.lock\" > /dev/null\nif [ $? != 0 ] ; then\n    # print error to STDERR\n    echo \"error: The sandbox is not in sync with the Podfile.lock. Run 'pod install' or update your CocoaPods installation.\" >&2\n    exit 1\nfi\n# This output is used by Xcode 'outputs' to avoid re-running this script phase.\necho \"SUCCESS\" > \"${SCRIPT_OUTPUT_FILE_0}\"\n";
			showEnvVarsInLog = 0;
		};
		CB3A9FAEA23F3BCA89F3FEC9 /* [CP] Copy Pods Resources */ = {
			isa = PBXShellScriptBuildPhase;
			buildActionMask = 2147483647;
			files = (
			);
			inputPaths = (
			);
			name = "[CP] Copy Pods Resources";
			outputPaths = (
			);
			runOnlyForDeploymentPostprocessing = 0;
			shellPath = /bin/sh;
			shellScript = "\"${SRCROOT}/Pods/Target Support Files/Pods-FMusicOfflineTests/Pods-FMusicOfflineTests-resources.sh\"\n";
			showEnvVarsInLog = 0;
		};
		CF7082DF636738DBAD5E9628 /* [CP] Check Pods Manifest.lock */ = {
			isa = PBXShellScriptBuildPhase;
			buildActionMask = 2147483647;
			files = (
			);
			inputPaths = (
				"${PODS_PODFILE_DIR_PATH}/Podfile.lock",
				"${PODS_ROOT}/Manifest.lock",
			);
			name = "[CP] Check Pods Manifest.lock";
			outputPaths = (
				"$(DERIVED_FILE_DIR)/Pods-FMusicOffline-checkManifestLockResult.txt",
			);
			runOnlyForDeploymentPostprocessing = 0;
			shellPath = /bin/sh;
			shellScript = "diff \"${PODS_PODFILE_DIR_PATH}/Podfile.lock\" \"${PODS_ROOT}/Manifest.lock\" > /dev/null\nif [ $? != 0 ] ; then\n    # print error to STDERR\n    echo \"error: The sandbox is not in sync with the Podfile.lock. Run 'pod install' or update your CocoaPods installation.\" >&2\n    exit 1\nfi\n# This output is used by Xcode 'outputs' to avoid re-running this script phase.\necho \"SUCCESS\" > \"${SCRIPT_OUTPUT_FILE_0}\"\n";
			showEnvVarsInLog = 0;
		};
		E7BEA7E687C782AC9BA83DE6 /* [CP] Embed Pods Frameworks */ = {
			isa = PBXShellScriptBuildPhase;
			buildActionMask = 2147483647;
			files = (
			);
			inputPaths = (
			);
			name = "[CP] Embed Pods Frameworks";
			outputPaths = (
			);
			runOnlyForDeploymentPostprocessing = 0;
			shellPath = /bin/sh;
			shellScript = "\"${SRCROOT}/Pods/Target Support Files/Pods-FMusicOfflineTests/Pods-FMusicOfflineTests-frameworks.sh\"\n";
			showEnvVarsInLog = 0;
		};
		F244CDD82CC53209DDF24BC0 /* [CP] Embed Pods Frameworks */ = {
			isa = PBXShellScriptBuildPhase;
			buildActionMask = 2147483647;
			files = (
			);
			inputPaths = (
				"${SRCROOT}/Pods/Target Support Files/Pods-FMusicOffline/Pods-FMusicOffline-frameworks.sh",
				"${BUILT_PRODUCTS_DIR}/GCDWebServer/GCDWebServer.framework",
				"${BUILT_PRODUCTS_DIR}/RxCocoa/RxCocoa.framework",
				"${BUILT_PRODUCTS_DIR}/RxSwift/RxSwift.framework",
			);
			name = "[CP] Embed Pods Frameworks";
			outputPaths = (
				"${TARGET_BUILD_DIR}/${FRAMEWORKS_FOLDER_PATH}/GCDWebServer.framework",
				"${TARGET_BUILD_DIR}/${FRAMEWORKS_FOLDER_PATH}/RxCocoa.framework",
				"${TARGET_BUILD_DIR}/${FRAMEWORKS_FOLDER_PATH}/RxSwift.framework",
			);
			runOnlyForDeploymentPostprocessing = 0;
			shellPath = /bin/sh;
			shellScript = "\"${SRCROOT}/Pods/Target Support Files/Pods-FMusicOffline/Pods-FMusicOffline-frameworks.sh\"\n";
			showEnvVarsInLog = 0;
		};
/* End PBXShellScriptBuildPhase section */

/* Begin PBXSourcesBuildPhase section */
		EFF254191FFC7B77009D7E43 /* Sources */ = {
			isa = PBXSourcesBuildPhase;
			buildActionMask = 2147483647;
			files = (
				EF36671D2003203900574BB7 /* SongViewModel.swift in Sources */,
				EF36671B20031D5000574BB7 /* Song.swift in Sources */,
				EF2865631FFDCFEC0073EE6B /* iCarousel.m in Sources */,
				EF617437200314E70022CEC5 /* SongViewController.swift in Sources */,
				EF36671620031AE200574BB7 /* SongTableViewCell.swift in Sources */,
				EFF254231FFC7B77009D7E43 /* PlayViewController.swift in Sources */,
				EFF254211FFC7B77009D7E43 /* AppDelegate.swift in Sources */,
			);
			runOnlyForDeploymentPostprocessing = 0;
		};
		EFF2542D1FFC7B77009D7E43 /* Sources */ = {
			isa = PBXSourcesBuildPhase;
			buildActionMask = 2147483647;
			files = (
				EFF254361FFC7B77009D7E43 /* FMusicOfflineTests.swift in Sources */,
			);
			runOnlyForDeploymentPostprocessing = 0;
		};
/* End PBXSourcesBuildPhase section */

/* Begin PBXTargetDependency section */
		EFF254331FFC7B77009D7E43 /* PBXTargetDependency */ = {
			isa = PBXTargetDependency;
			target = EFF2541C1FFC7B77009D7E43 /* FMusicOffline */;
			targetProxy = EFF254321FFC7B77009D7E43 /* PBXContainerItemProxy */;
		};
/* End PBXTargetDependency section */

/* Begin PBXVariantGroup section */
		EFF254241FFC7B77009D7E43 /* Main.storyboard */ = {
			isa = PBXVariantGroup;
			children = (
				EFF254251FFC7B77009D7E43 /* Base */,
			);
			name = Main.storyboard;
			sourceTree = "<group>";
		};
		EFF254291FFC7B77009D7E43 /* LaunchScreen.storyboard */ = {
			isa = PBXVariantGroup;
			children = (
				EFF2542A1FFC7B77009D7E43 /* Base */,
			);
			name = LaunchScreen.storyboard;
			sourceTree = "<group>";
		};
/* End PBXVariantGroup section */

/* Begin XCBuildConfiguration section */
		EFF254381FFC7B77009D7E43 /* Debug */ = {
			isa = XCBuildConfiguration;
			buildSettings = {
				ALWAYS_SEARCH_USER_PATHS = NO;
				CLANG_ANALYZER_NONNULL = YES;
				CLANG_ANALYZER_NUMBER_OBJECT_CONVERSION = YES_AGGRESSIVE;
				CLANG_CXX_LANGUAGE_STANDARD = "gnu++14";
				CLANG_CXX_LIBRARY = "libc++";
				CLANG_ENABLE_MODULES = YES;
				CLANG_ENABLE_OBJC_ARC = YES;
				CLANG_WARN_BLOCK_CAPTURE_AUTORELEASING = YES;
				CLANG_WARN_BOOL_CONVERSION = YES;
				CLANG_WARN_COMMA = YES;
				CLANG_WARN_CONSTANT_CONVERSION = YES;
				CLANG_WARN_DIRECT_OBJC_ISA_USAGE = YES_ERROR;
				CLANG_WARN_DOCUMENTATION_COMMENTS = YES;
				CLANG_WARN_EMPTY_BODY = YES;
				CLANG_WARN_ENUM_CONVERSION = YES;
				CLANG_WARN_INFINITE_RECURSION = YES;
				CLANG_WARN_INT_CONVERSION = YES;
				CLANG_WARN_NON_LITERAL_NULL_CONVERSION = YES;
				CLANG_WARN_OBJC_LITERAL_CONVERSION = YES;
				CLANG_WARN_OBJC_ROOT_CLASS = YES_ERROR;
				CLANG_WARN_RANGE_LOOP_ANALYSIS = YES;
				CLANG_WARN_STRICT_PROTOTYPES = YES;
				CLANG_WARN_SUSPICIOUS_MOVE = YES;
				CLANG_WARN_UNGUARDED_AVAILABILITY = YES_AGGRESSIVE;
				CLANG_WARN_UNREACHABLE_CODE = YES;
				CLANG_WARN__DUPLICATE_METHOD_MATCH = YES;
				CODE_SIGN_IDENTITY = "iPhone Developer";
				COPY_PHASE_STRIP = NO;
				DEBUG_INFORMATION_FORMAT = dwarf;
				ENABLE_STRICT_OBJC_MSGSEND = YES;
				ENABLE_TESTABILITY = YES;
				GCC_C_LANGUAGE_STANDARD = gnu11;
				GCC_DYNAMIC_NO_PIC = NO;
				GCC_NO_COMMON_BLOCKS = YES;
				GCC_OPTIMIZATION_LEVEL = 0;
				GCC_PREPROCESSOR_DEFINITIONS = (
					"DEBUG=1",
					"$(inherited)",
				);
				GCC_WARN_64_TO_32_BIT_CONVERSION = YES;
				GCC_WARN_ABOUT_RETURN_TYPE = YES_ERROR;
				GCC_WARN_UNDECLARED_SELECTOR = YES;
				GCC_WARN_UNINITIALIZED_AUTOS = YES_AGGRESSIVE;
				GCC_WARN_UNUSED_FUNCTION = YES;
				GCC_WARN_UNUSED_VARIABLE = YES;
				IPHONEOS_DEPLOYMENT_TARGET = 11.1;
				MTL_ENABLE_DEBUG_INFO = YES;
				ONLY_ACTIVE_ARCH = YES;
				SDKROOT = iphoneos;
				SWIFT_ACTIVE_COMPILATION_CONDITIONS = DEBUG;
				SWIFT_OPTIMIZATION_LEVEL = "-Onone";
			};
			name = Debug;
		};
		EFF254391FFC7B77009D7E43 /* Release */ = {
			isa = XCBuildConfiguration;
			buildSettings = {
				ALWAYS_SEARCH_USER_PATHS = NO;
				CLANG_ANALYZER_NONNULL = YES;
				CLANG_ANALYZER_NUMBER_OBJECT_CONVERSION = YES_AGGRESSIVE;
				CLANG_CXX_LANGUAGE_STANDARD = "gnu++14";
				CLANG_CXX_LIBRARY = "libc++";
				CLANG_ENABLE_MODULES = YES;
				CLANG_ENABLE_OBJC_ARC = YES;
				CLANG_WARN_BLOCK_CAPTURE_AUTORELEASING = YES;
				CLANG_WARN_BOOL_CONVERSION = YES;
				CLANG_WARN_COMMA = YES;
				CLANG_WARN_CONSTANT_CONVERSION = YES;
				CLANG_WARN_DIRECT_OBJC_ISA_USAGE = YES_ERROR;
				CLANG_WARN_DOCUMENTATION_COMMENTS = YES;
				CLANG_WARN_EMPTY_BODY = YES;
				CLANG_WARN_ENUM_CONVERSION = YES;
				CLANG_WARN_INFINITE_RECURSION = YES;
				CLANG_WARN_INT_CONVERSION = YES;
				CLANG_WARN_NON_LITERAL_NULL_CONVERSION = YES;
				CLANG_WARN_OBJC_LITERAL_CONVERSION = YES;
				CLANG_WARN_OBJC_ROOT_CLASS = YES_ERROR;
				CLANG_WARN_RANGE_LOOP_ANALYSIS = YES;
				CLANG_WARN_STRICT_PROTOTYPES = YES;
				CLANG_WARN_SUSPICIOUS_MOVE = YES;
				CLANG_WARN_UNGUARDED_AVAILABILITY = YES_AGGRESSIVE;
				CLANG_WARN_UNREACHABLE_CODE = YES;
				CLANG_WARN__DUPLICATE_METHOD_MATCH = YES;
				CODE_SIGN_IDENTITY = "iPhone Developer";
				COPY_PHASE_STRIP = NO;
				DEBUG_INFORMATION_FORMAT = "dwarf-with-dsym";
				ENABLE_NS_ASSERTIONS = NO;
				ENABLE_STRICT_OBJC_MSGSEND = YES;
				GCC_C_LANGUAGE_STANDARD = gnu11;
				GCC_NO_COMMON_BLOCKS = YES;
				GCC_WARN_64_TO_32_BIT_CONVERSION = YES;
				GCC_WARN_ABOUT_RETURN_TYPE = YES_ERROR;
				GCC_WARN_UNDECLARED_SELECTOR = YES;
				GCC_WARN_UNINITIALIZED_AUTOS = YES_AGGRESSIVE;
				GCC_WARN_UNUSED_FUNCTION = YES;
				GCC_WARN_UNUSED_VARIABLE = YES;
				IPHONEOS_DEPLOYMENT_TARGET = 11.1;
				MTL_ENABLE_DEBUG_INFO = NO;
				SDKROOT = iphoneos;
				SWIFT_OPTIMIZATION_LEVEL = "-Owholemodule";
				VALIDATE_PRODUCT = YES;
			};
			name = Release;
		};
		EFF2543B1FFC7B77009D7E43 /* Debug */ = {
			isa = XCBuildConfiguration;
			baseConfigurationReference = 78BAB841250ED97921FADE08 /* Pods-FMusicOffline.debug.xcconfig */;
			buildSettings = {
				ASSETCATALOG_COMPILER_APPICON_NAME = AppIcon;
				CLANG_ENABLE_MODULES = YES;
				"CODE_SIGN_IDENTITY[sdk=iphoneos*]" = "iPhone Developer";
				CODE_SIGN_STYLE = Automatic;
				DEVELOPMENT_TEAM = XUJJU5YPAH;
				INFOPLIST_FILE = FMusicOffline/Info.plist;
				IPHONEOS_DEPLOYMENT_TARGET = 10.3;
				LD_RUNPATH_SEARCH_PATHS = "$(inherited) @executable_path/Frameworks";
				PRODUCT_BUNDLE_IDENTIFIER = com.framgia.FMusicOffline;
				PRODUCT_NAME = "$(TARGET_NAME)";
				PROVISIONING_PROFILE = "";
				PROVISIONING_PROFILE_SPECIFIER = "";
				SWIFT_OBJC_BRIDGING_HEADER = "FMusicOffline-Bridging-Header.h";
				SWIFT_OPTIMIZATION_LEVEL = "-Onone";
				SWIFT_VERSION = 4.0;
				TARGETED_DEVICE_FAMILY = "1,2";
			};
			name = Debug;
		};
		EFF2543C1FFC7B77009D7E43 /* Release */ = {
			isa = XCBuildConfiguration;
			baseConfigurationReference = 0C56E34CA753EA2B89CD69A7 /* Pods-FMusicOffline.release.xcconfig */;
			buildSettings = {
				ASSETCATALOG_COMPILER_APPICON_NAME = AppIcon;
				CLANG_ENABLE_MODULES = YES;
				"CODE_SIGN_IDENTITY[sdk=iphoneos*]" = "iPhone Developer";
				CODE_SIGN_STYLE = Automatic;
				DEVELOPMENT_TEAM = XUJJU5YPAH;
				INFOPLIST_FILE = FMusicOffline/Info.plist;
				IPHONEOS_DEPLOYMENT_TARGET = 10.3;
				LD_RUNPATH_SEARCH_PATHS = "$(inherited) @executable_path/Frameworks";
				PRODUCT_BUNDLE_IDENTIFIER = com.framgia.FMusicOffline;
				PRODUCT_NAME = "$(TARGET_NAME)";
				PROVISIONING_PROFILE = "";
				PROVISIONING_PROFILE_SPECIFIER = "";
				SWIFT_OBJC_BRIDGING_HEADER = "FMusicOffline-Bridging-Header.h";
				SWIFT_VERSION = 4.0;
				TARGETED_DEVICE_FAMILY = "1,2";
			};
			name = Release;
		};
		EFF2543E1FFC7B77009D7E43 /* Debug */ = {
			isa = XCBuildConfiguration;
			baseConfigurationReference = C64E9E2A4D1FF00BE1D51FE9 /* Pods-FMusicOfflineTests.debug.xcconfig */;
			buildSettings = {
				ALWAYS_EMBED_SWIFT_STANDARD_LIBRARIES = YES;
				BUNDLE_LOADER = "$(TEST_HOST)";
				CODE_SIGN_STYLE = Automatic;
				INFOPLIST_FILE = FMusicOfflineTests/Info.plist;
				LD_RUNPATH_SEARCH_PATHS = "$(inherited) @executable_path/Frameworks @loader_path/Frameworks";
				PRODUCT_BUNDLE_IDENTIFIER = com.framgia.FMusicOfflineTests;
				PRODUCT_NAME = "$(TARGET_NAME)";
				SWIFT_VERSION = 4.0;
				TARGETED_DEVICE_FAMILY = "1,2";
				TEST_HOST = "$(BUILT_PRODUCTS_DIR)/FMusicOffline.app/FMusicOffline";
			};
			name = Debug;
		};
		EFF2543F1FFC7B77009D7E43 /* Release */ = {
			isa = XCBuildConfiguration;
			baseConfigurationReference = 4D1A07DFDE6364562651D531 /* Pods-FMusicOfflineTests.release.xcconfig */;
			buildSettings = {
				ALWAYS_EMBED_SWIFT_STANDARD_LIBRARIES = YES;
				BUNDLE_LOADER = "$(TEST_HOST)";
				CODE_SIGN_STYLE = Automatic;
				INFOPLIST_FILE = FMusicOfflineTests/Info.plist;
				LD_RUNPATH_SEARCH_PATHS = "$(inherited) @executable_path/Frameworks @loader_path/Frameworks";
				PRODUCT_BUNDLE_IDENTIFIER = com.framgia.FMusicOfflineTests;
				PRODUCT_NAME = "$(TARGET_NAME)";
				SWIFT_VERSION = 4.0;
				TARGETED_DEVICE_FAMILY = "1,2";
				TEST_HOST = "$(BUILT_PRODUCTS_DIR)/FMusicOffline.app/FMusicOffline";
			};
			name = Release;
		};
/* End XCBuildConfiguration section */

/* Begin XCConfigurationList section */
		EFF254181FFC7B77009D7E43 /* Build configuration list for PBXProject "FMusicOffline" */ = {
			isa = XCConfigurationList;
			buildConfigurations = (
				EFF254381FFC7B77009D7E43 /* Debug */,
				EFF254391FFC7B77009D7E43 /* Release */,
			);
			defaultConfigurationIsVisible = 0;
			defaultConfigurationName = Release;
		};
		EFF2543A1FFC7B77009D7E43 /* Build configuration list for PBXNativeTarget "FMusicOffline" */ = {
			isa = XCConfigurationList;
			buildConfigurations = (
				EFF2543B1FFC7B77009D7E43 /* Debug */,
				EFF2543C1FFC7B77009D7E43 /* Release */,
			);
			defaultConfigurationIsVisible = 0;
			defaultConfigurationName = Release;
		};
		EFF2543D1FFC7B77009D7E43 /* Build configuration list for PBXNativeTarget "FMusicOfflineTests" */ = {
			isa = XCConfigurationList;
			buildConfigurations = (
				EFF2543E1FFC7B77009D7E43 /* Debug */,
				EFF2543F1FFC7B77009D7E43 /* Release */,
			);
			defaultConfigurationIsVisible = 0;
			defaultConfigurationName = Release;
		};
/* End XCConfigurationList section */
	};
	rootObject = EFF254151FFC7B77009D7E43 /* Project object */;
}
